
Microsoft Visual Studio Solution File, Format Version 12.00
# Visual Studio Version 17
VisualStudioVersion = 17.5.33502.453
MinimumVisualStudioVersion = 10.0.40219.1
Project("{FAE04EC0-301F-11D3-BF4B-00C04F79EFBC}") = "Perez_RoboDialer", "Perez_Robo-Dialer\Perez_RoboDialer.csproj", "{5455BEED-832E-4A46-8532-C910F36210AB}"
EndProject
Global
	GlobalSection(SolutionConfigurationPlatforms) = preSolution
		Debug|Any CPU = Debug|Any CPU
		Release|Any CPU = Release|Any CPU
	EndGlobalSection
	GlobalSection(ProjectConfigurationPlatforms) = postSolution
		{5455BEED-832E-4A46-8532-C910F36210AB}.Debug|Any CPU.ActiveCfg = Debug|Any CPU
		{5455BEED-832E-4A46-8532-C910F36210AB}.Debug|Any CPU.Build.0 = Debug|Any CPU
		{5455BEED-832E-4A46-8532-C910F36210AB}.Release|Any CPU.ActiveCfg = Release|Any CPU
		{5455BEED-832E-4A46-8532-C910F36210AB}.Release|Any CPU.Build.0 = Release|Any CPU
	EndGlobalSection
	GlobalSection(SolutionProperties) = preSolution
		HideSolutionNode = FALSE
	EndGlobalSection
	GlobalSection(ExtensibilityGlobals) = postSolution
		SolutionGuid = {02F0DD74-CDC5-49D1-8A9C-013333E42780}
	EndGlobalSection
EndGlobal
